PODS:
  - Alamofire (4.9.1)
  - Kingfisher (7.6.2)
  - lottie-ios (3.2.3)
  - SnackBar.swift (0.1.0):
    - SnapKit
  - SnapKit (5.6.0)

DEPENDENCIES:
  - Alamofire
  - Kingfisher (~> 7.0)
  - lottie-ios
  - SnackBar.swift

SPEC REPOS:
  trunk:
    - Alamofire
    - Kingfisher
    - lottie-ios
    - SnackBar.swift
    - SnapKit

SPEC CHECKSUMS:
  Alamofire: 85e8a02c69d6020a0d734f6054870d7ecb75cf18
  Kingfisher: 6c5449c6450c5239166510ba04afe374a98afc4f
  lottie-ios: c058aeafa76daa4cf64d773554bccc8385d0150e
  SnackBar.swift: 79ea4df13ea9e6633137dd6acbd490534d26440d
  SnapKit: e01d52ebb8ddbc333eefe2132acf85c8227d9c25

PODFILE CHECKSUM: 04d0522d21c354a2b1bc0a3f261daf2d3b56215b

COCOAPODS: 1.11.3
