// !$*UTF8*$!
{
	archiveVersion = 1;
	classes = {
	};
	objectVersion = 56;
	objects = {

/* Begin PBXBuildFile section */
		144720B32A20DFE900106C75 /* Models.swift in Sources */ = {isa = PBXBuildFile; fileRef = 144720B22A20DFE900106C75 /* Models.swift */; };
		144720B62A20DFF300106C75 /* APIServices.swift in Sources */ = {isa = PBXBuildFile; fileRef = 144720B42A20DFF300106C75 /* APIServices.swift */; };
		144720B72A20DFF300106C75 /* NetworkManagerProtocol.swift in Sources */ = {isa = PBXBuildFile; fileRef = 144720B52A20DFF300106C75 /* NetworkManagerProtocol.swift */; };
		178484BA2A209D100002D108 /* Constants.swift in Sources */ = {isa = PBXBuildFile; fileRef = 178484B92A209D100002D108 /* Constants.swift */; };
		178484D52A20A16D0002D108 /* LaunchScreenStoryboard.storyboard in Resources */ = {isa = PBXBuildFile; fileRef = 178484D42A20A16D0002D108 /* LaunchScreenStoryboard.storyboard */; };
		178484D72A20A1800002D108 /* HomeScreenStoryboard.storyboard in Resources */ = {isa = PBXBuildFile; fileRef = 178484D62A20A1800002D108 /* HomeScreenStoryboard.storyboard */; };
		178484D92A20A1920002D108 /* FavoritesScreenStoryboard.storyboard in Resources */ = {isa = PBXBuildFile; fileRef = 178484D82A20A1920002D108 /* FavoritesScreenStoryboard.storyboard */; };
		178484DB2A20A1A00002D108 /* DetailsScreenStoryboard.storyboard in Resources */ = {isa = PBXBuildFile; fileRef = 178484DA2A20A1A00002D108 /* DetailsScreenStoryboard.storyboard */; };
		178484DD2A20A1CA0002D108 /* HomeScreenViewController.swift in Sources */ = {isa = PBXBuildFile; fileRef = 178484DC2A20A1CA0002D108 /* HomeScreenViewController.swift */; };
		178484DF2A20A1DB0002D108 /* FavoritesScreenViewController.swift in Sources */ = {isa = PBXBuildFile; fileRef = 178484DE2A20A1DB0002D108 /* FavoritesScreenViewController.swift */; };
		178484E12A20A1E60002D108 /* DetailsScreenViewController.swift in Sources */ = {isa = PBXBuildFile; fileRef = 178484E02A20A1E60002D108 /* DetailsScreenViewController.swift */; };
		178484E32A20A1F80002D108 /* LaunchScreenViewController.swift in Sources */ = {isa = PBXBuildFile; fileRef = 178484E22A20A1F80002D108 /* LaunchScreenViewController.swift */; };
		178484E52A20A20F0002D108 /* LaunchScreenViewModel.swift in Sources */ = {isa = PBXBuildFile; fileRef = 178484E42A20A20F0002D108 /* LaunchScreenViewModel.swift */; };
		178484E72A20A2190002D108 /* HomeScreenViewModel.swift in Sources */ = {isa = PBXBuildFile; fileRef = 178484E62A20A2190002D108 /* HomeScreenViewModel.swift */; };
		178484E92A20A2250002D108 /* FavoritesScreenViewModel.swift in Sources */ = {isa = PBXBuildFile; fileRef = 178484E82A20A2250002D108 /* FavoritesScreenViewModel.swift */; };
		178484EB2A20A2320002D108 /* DetailsScreenViewModel.swift in Sources */ = {isa = PBXBuildFile; fileRef = 178484EA2A20A2320002D108 /* DetailsScreenViewModel.swift */; };
		178484EE2A20B5B20002D108 /* CategoryItem.swift in Sources */ = {isa = PBXBuildFile; fileRef = 178484ED2A20B5B20002D108 /* CategoryItem.swift */; };
		178484F02A20B5EC0002D108 /* CategoryImage.swift in Sources */ = {isa = PBXBuildFile; fileRef = 178484EF2A20B5EC0002D108 /* CategoryImage.swift */; };
		178484F22A20B74A0002D108 /* CategoryCollectionViewCell.swift in Sources */ = {isa = PBXBuildFile; fileRef = 178484F12A20B74A0002D108 /* CategoryCollectionViewCell.swift */; };
		178484F82A20D4F30002D108 /* HomeScreenViewModelType.swift in Sources */ = {isa = PBXBuildFile; fileRef = 178484F72A20D4F30002D108 /* HomeScreenViewModelType.swift */; };
		17EBEC122A20E25000572806 /* MealItem.swift in Sources */ = {isa = PBXBuildFile; fileRef = 17EBEC112A20E25000572806 /* MealItem.swift */; };
		17EBEC142A20E33A00572806 /* MealImage.swift in Sources */ = {isa = PBXBuildFile; fileRef = 17EBEC132A20E33A00572806 /* MealImage.swift */; };
		17FF173B2A1F68D900E6A365 /* AppDelegate.swift in Sources */ = {isa = PBXBuildFile; fileRef = 17FF173A2A1F68D900E6A365 /* AppDelegate.swift */; };
		17FF173D2A1F68D900E6A365 /* SceneDelegate.swift in Sources */ = {isa = PBXBuildFile; fileRef = 17FF173C2A1F68D900E6A365 /* SceneDelegate.swift */; };
		17FF17452A1F68D900E6A365 /* Technical_Workshop.xcdatamodeld in Sources */ = {isa = PBXBuildFile; fileRef = 17FF17432A1F68D900E6A365 /* Technical_Workshop.xcdatamodeld */; };
		17FF17472A1F68DB00E6A365 /* Assets.xcassets in Resources */ = {isa = PBXBuildFile; fileRef = 17FF17462A1F68DB00E6A365 /* Assets.xcassets */; };
		17FF174A2A1F68DB00E6A365 /* LaunchScreen.storyboard in Resources */ = {isa = PBXBuildFile; fileRef = 17FF17482A1F68DB00E6A365 /* LaunchScreen.storyboard */; };
		17FF17552A1F68DB00E6A365 /* Technical_WorkshopTests.swift in Sources */ = {isa = PBXBuildFile; fileRef = 17FF17542A1F68DB00E6A365 /* Technical_WorkshopTests.swift */; };
		17FF175F2A1F68DB00E6A365 /* Technical_WorkshopUITests.swift in Sources */ = {isa = PBXBuildFile; fileRef = 17FF175E2A1F68DB00E6A365 /* Technical_WorkshopUITests.swift */; };
		17FF17612A1F68DB00E6A365 /* Technical_WorkshopUITestsLaunchTests.swift in Sources */ = {isa = PBXBuildFile; fileRef = 17FF17602A1F68DB00E6A365 /* Technical_WorkshopUITestsLaunchTests.swift */; };
		3F63E5CB2A20A93E00E0E790 /* MealCollectionViewCell.xib in Resources */ = {isa = PBXBuildFile; fileRef = 3F63E5C92A20A93D00E0E790 /* MealCollectionViewCell.xib */; };
		3F63E5CE2A20ACA800E0E790 /* UIImageGradient.swift in Sources */ = {isa = PBXBuildFile; fileRef = 3F63E5CD2A20ACA800E0E790 /* UIImageGradient.swift */; };
		3F63E5D02A20AE0A00E0E790 /* MealCollectionViewCell.swift in Sources */ = {isa = PBXBuildFile; fileRef = 3F63E5CF2A20AE0A00E0E790 /* MealCollectionViewCell.swift */; };
		3F63E5E52A20B12400E0E790 /* Poppins-ExtraLightItalic.ttf in Resources */ = {isa = PBXBuildFile; fileRef = 3F63E5D22A20B12400E0E790 /* Poppins-ExtraLightItalic.ttf */; };
		3F63E5E62A20B12400E0E790 /* Poppins-Light.ttf in Resources */ = {isa = PBXBuildFile; fileRef = 3F63E5D32A20B12400E0E790 /* Poppins-Light.ttf */; };
		3F63E5E72A20B12400E0E790 /* Poppins-Medium.ttf in Resources */ = {isa = PBXBuildFile; fileRef = 3F63E5D42A20B12400E0E790 /* Poppins-Medium.ttf */; };
		3F63E5E82A20B12400E0E790 /* Poppins-Regular.ttf in Resources */ = {isa = PBXBuildFile; fileRef = 3F63E5D52A20B12400E0E790 /* Poppins-Regular.ttf */; };
		3F63E5E92A20B12400E0E790 /* Poppins-Italic.ttf in Resources */ = {isa = PBXBuildFile; fileRef = 3F63E5D62A20B12400E0E790 /* Poppins-Italic.ttf */; };
		3F63E5EA2A20B12400E0E790 /* Poppins-BoldItalic.ttf in Resources */ = {isa = PBXBuildFile; fileRef = 3F63E5D72A20B12400E0E790 /* Poppins-BoldItalic.ttf */; };
		3F63E5EC2A20B12400E0E790 /* Poppins-BlackItalic.ttf in Resources */ = {isa = PBXBuildFile; fileRef = 3F63E5D92A20B12400E0E790 /* Poppins-BlackItalic.ttf */; };
		3F63E5ED2A20B12400E0E790 /* Poppins-ExtraLight.ttf in Resources */ = {isa = PBXBuildFile; fileRef = 3F63E5DA2A20B12400E0E790 /* Poppins-ExtraLight.ttf */; };
		3F63E5EE2A20B12400E0E790 /* Poppins-ExtraBold.ttf in Resources */ = {isa = PBXBuildFile; fileRef = 3F63E5DB2A20B12400E0E790 /* Poppins-ExtraBold.ttf */; };
		3F63E5EF2A20B12400E0E790 /* Poppins-Bold.ttf in Resources */ = {isa = PBXBuildFile; fileRef = 3F63E5DC2A20B12400E0E790 /* Poppins-Bold.ttf */; };
		3F63E5F02A20B12400E0E790 /* Poppins-SemiBoldItalic.ttf in Resources */ = {isa = PBXBuildFile; fileRef = 3F63E5DD2A20B12400E0E790 /* Poppins-SemiBoldItalic.ttf */; };
		3F63E5F12A20B12400E0E790 /* Poppins-SemiBold.ttf in Resources */ = {isa = PBXBuildFile; fileRef = 3F63E5DE2A20B12400E0E790 /* Poppins-SemiBold.ttf */; };
		3F63E5F22A20B12400E0E790 /* Poppins-Thin.ttf in Resources */ = {isa = PBXBuildFile; fileRef = 3F63E5DF2A20B12400E0E790 /* Poppins-Thin.ttf */; };
		3F63E5F32A20B12400E0E790 /* Poppins-ThinItalic.ttf in Resources */ = {isa = PBXBuildFile; fileRef = 3F63E5E02A20B12400E0E790 /* Poppins-ThinItalic.ttf */; };
		3F63E5F42A20B12400E0E790 /* Poppins-MediumItalic.ttf in Resources */ = {isa = PBXBuildFile; fileRef = 3F63E5E12A20B12400E0E790 /* Poppins-MediumItalic.ttf */; };
		3F63E5F52A20B12400E0E790 /* Poppins-Black.ttf in Resources */ = {isa = PBXBuildFile; fileRef = 3F63E5E22A20B12400E0E790 /* Poppins-Black.ttf */; };
		3F63E5F62A20B12400E0E790 /* Poppins-LightItalic.ttf in Resources */ = {isa = PBXBuildFile; fileRef = 3F63E5E32A20B12400E0E790 /* Poppins-LightItalic.ttf */; };
		3F63E5F72A20B12400E0E790 /* Poppins-ExtraBoldItalic.ttf in Resources */ = {isa = PBXBuildFile; fileRef = 3F63E5E42A20B12400E0E790 /* Poppins-ExtraBoldItalic.ttf */; };
		D3847E8EB7E40498BAF59E61 /* Pods_Technical_Workshop_Technical_WorkshopUITests.framework in Frameworks */ = {isa = PBXBuildFile; fileRef = 17A313B067C975F6E36B0BEA /* Pods_Technical_Workshop_Technical_WorkshopUITests.framework */; };
		F136814F33776CB6CDF53DAD /* Pods_Technical_WorkshopTests.framework in Frameworks */ = {isa = PBXBuildFile; fileRef = 5512945F6BD19DDADB123BD0 /* Pods_Technical_WorkshopTests.framework */; };
		F2FF4372364CE995C9ACF6E0 /* Pods_Technical_Workshop.framework in Frameworks */ = {isa = PBXBuildFile; fileRef = D92E17432F8CFB4193DB77F4 /* Pods_Technical_Workshop.framework */; };
/* End PBXBuildFile section */

/* Begin PBXContainerItemProxy section */
		17FF17512A1F68DB00E6A365 /* PBXContainerItemProxy */ = {
			isa = PBXContainerItemProxy;
			containerPortal = 17FF172F2A1F68D900E6A365 /* Project object */;
			proxyType = 1;
			remoteGlobalIDString = 17FF17362A1F68D900E6A365;
			remoteInfo = "Technical-Workshop";
		};
		17FF175B2A1F68DB00E6A365 /* PBXContainerItemProxy */ = {
			isa = PBXContainerItemProxy;
			containerPortal = 17FF172F2A1F68D900E6A365 /* Project object */;
			proxyType = 1;
			remoteGlobalIDString = 17FF17362A1F68D900E6A365;
			remoteInfo = "Technical-Workshop";
		};
/* End PBXContainerItemProxy section */

/* Begin PBXFileReference section */
		02F17445B1AA865313358C41 /* Pods-Technical-Workshop-Technical-WorkshopUITests.debug.xcconfig */ = {isa = PBXFileReference; includeInIndex = 1; lastKnownFileType = text.xcconfig; name = "Pods-Technical-Workshop-Technical-WorkshopUITests.debug.xcconfig"; path = "Target Support Files/Pods-Technical-Workshop-Technical-WorkshopUITests/Pods-Technical-Workshop-Technical-WorkshopUITests.debug.xcconfig"; sourceTree = "<group>"; };
		144720B22A20DFE900106C75 /* Models.swift */ = {isa = PBXFileReference; fileEncoding = 4; lastKnownFileType = sourcecode.swift; name = Models.swift; path = Models/Models.swift; sourceTree = SOURCE_ROOT; };
		144720B42A20DFF300106C75 /* APIServices.swift */ = {isa = PBXFileReference; fileEncoding = 4; lastKnownFileType = sourcecode.swift; name = APIServices.swift; path = Remote/APIServices.swift; sourceTree = SOURCE_ROOT; };
		144720B52A20DFF300106C75 /* NetworkManagerProtocol.swift */ = {isa = PBXFileReference; fileEncoding = 4; lastKnownFileType = sourcecode.swift; name = NetworkManagerProtocol.swift; path = Remote/NetworkManagerProtocol.swift; sourceTree = SOURCE_ROOT; };
		178484B92A209D100002D108 /* Constants.swift */ = {isa = PBXFileReference; lastKnownFileType = sourcecode.swift; path = Constants.swift; sourceTree = "<group>"; };
		178484D42A20A16D0002D108 /* LaunchScreenStoryboard.storyboard */ = {isa = PBXFileReference; lastKnownFileType = file.storyboard; path = LaunchScreenStoryboard.storyboard; sourceTree = "<group>"; };
		178484D62A20A1800002D108 /* HomeScreenStoryboard.storyboard */ = {isa = PBXFileReference; lastKnownFileType = file.storyboard; path = HomeScreenStoryboard.storyboard; sourceTree = "<group>"; };
		178484D82A20A1920002D108 /* FavoritesScreenStoryboard.storyboard */ = {isa = PBXFileReference; lastKnownFileType = file.storyboard; path = FavoritesScreenStoryboard.storyboard; sourceTree = "<group>"; };
		178484DA2A20A1A00002D108 /* DetailsScreenStoryboard.storyboard */ = {isa = PBXFileReference; lastKnownFileType = file.storyboard; path = DetailsScreenStoryboard.storyboard; sourceTree = "<group>"; };
		178484DC2A20A1CA0002D108 /* HomeScreenViewController.swift */ = {isa = PBXFileReference; lastKnownFileType = sourcecode.swift; path = HomeScreenViewController.swift; sourceTree = "<group>"; };
		178484DE2A20A1DB0002D108 /* FavoritesScreenViewController.swift */ = {isa = PBXFileReference; lastKnownFileType = sourcecode.swift; path = FavoritesScreenViewController.swift; sourceTree = "<group>"; };
		178484E02A20A1E60002D108 /* DetailsScreenViewController.swift */ = {isa = PBXFileReference; lastKnownFileType = sourcecode.swift; path = DetailsScreenViewController.swift; sourceTree = "<group>"; };
		178484E22A20A1F80002D108 /* LaunchScreenViewController.swift */ = {isa = PBXFileReference; lastKnownFileType = sourcecode.swift; path = LaunchScreenViewController.swift; sourceTree = "<group>"; };
		178484E42A20A20F0002D108 /* LaunchScreenViewModel.swift */ = {isa = PBXFileReference; lastKnownFileType = sourcecode.swift; path = LaunchScreenViewModel.swift; sourceTree = "<group>"; };
		178484E62A20A2190002D108 /* HomeScreenViewModel.swift */ = {isa = PBXFileReference; lastKnownFileType = sourcecode.swift; path = HomeScreenViewModel.swift; sourceTree = "<group>"; };
		178484E82A20A2250002D108 /* FavoritesScreenViewModel.swift */ = {isa = PBXFileReference; lastKnownFileType = sourcecode.swift; path = FavoritesScreenViewModel.swift; sourceTree = "<group>"; };
		178484EA2A20A2320002D108 /* DetailsScreenViewModel.swift */ = {isa = PBXFileReference; lastKnownFileType = sourcecode.swift; path = DetailsScreenViewModel.swift; sourceTree = "<group>"; };
		178484ED2A20B5B20002D108 /* CategoryItem.swift */ = {isa = PBXFileReference; lastKnownFileType = sourcecode.swift; path = CategoryItem.swift; sourceTree = "<group>"; };
		178484EF2A20B5EC0002D108 /* CategoryImage.swift */ = {isa = PBXFileReference; lastKnownFileType = sourcecode.swift; path = CategoryImage.swift; sourceTree = "<group>"; };
		178484F12A20B74A0002D108 /* CategoryCollectionViewCell.swift */ = {isa = PBXFileReference; lastKnownFileType = sourcecode.swift; path = CategoryCollectionViewCell.swift; sourceTree = "<group>"; };
		178484F72A20D4F30002D108 /* HomeScreenViewModelType.swift */ = {isa = PBXFileReference; lastKnownFileType = sourcecode.swift; path = HomeScreenViewModelType.swift; sourceTree = "<group>"; };
		17A313B067C975F6E36B0BEA /* Pods_Technical_Workshop_Technical_WorkshopUITests.framework */ = {isa = PBXFileReference; explicitFileType = wrapper.framework; includeInIndex = 0; path = Pods_Technical_Workshop_Technical_WorkshopUITests.framework; sourceTree = BUILT_PRODUCTS_DIR; };
		17EBEC112A20E25000572806 /* MealItem.swift */ = {isa = PBXFileReference; lastKnownFileType = sourcecode.swift; path = MealItem.swift; sourceTree = "<group>"; };
		17EBEC132A20E33A00572806 /* MealImage.swift */ = {isa = PBXFileReference; lastKnownFileType = sourcecode.swift; path = MealImage.swift; sourceTree = "<group>"; };
		17FF17372A1F68D900E6A365 /* Technical-Workshop.app */ = {isa = PBXFileReference; explicitFileType = wrapper.application; includeInIndex = 0; path = "Technical-Workshop.app"; sourceTree = BUILT_PRODUCTS_DIR; };
		17FF173A2A1F68D900E6A365 /* AppDelegate.swift */ = {isa = PBXFileReference; lastKnownFileType = sourcecode.swift; path = AppDelegate.swift; sourceTree = "<group>"; };
		17FF173C2A1F68D900E6A365 /* SceneDelegate.swift */ = {isa = PBXFileReference; lastKnownFileType = sourcecode.swift; path = SceneDelegate.swift; sourceTree = "<group>"; };
		17FF17442A1F68D900E6A365 /* Technical_Workshop.xcdatamodel */ = {isa = PBXFileReference; lastKnownFileType = wrapper.xcdatamodel; path = Technical_Workshop.xcdatamodel; sourceTree = "<group>"; };
		17FF17462A1F68DB00E6A365 /* Assets.xcassets */ = {isa = PBXFileReference; lastKnownFileType = folder.assetcatalog; path = Assets.xcassets; sourceTree = "<group>"; };
		17FF17492A1F68DB00E6A365 /* Base */ = {isa = PBXFileReference; lastKnownFileType = file.storyboard; name = Base; path = Base.lproj/LaunchScreen.storyboard; sourceTree = "<group>"; };
		17FF174B2A1F68DB00E6A365 /* Info.plist */ = {isa = PBXFileReference; lastKnownFileType = text.plist.xml; path = Info.plist; sourceTree = "<group>"; };
		17FF17502A1F68DB00E6A365 /* Technical-WorkshopTests.xctest */ = {isa = PBXFileReference; explicitFileType = wrapper.cfbundle; includeInIndex = 0; path = "Technical-WorkshopTests.xctest"; sourceTree = BUILT_PRODUCTS_DIR; };
		17FF17542A1F68DB00E6A365 /* Technical_WorkshopTests.swift */ = {isa = PBXFileReference; lastKnownFileType = sourcecode.swift; path = Technical_WorkshopTests.swift; sourceTree = "<group>"; };
		17FF175A2A1F68DB00E6A365 /* Technical-WorkshopUITests.xctest */ = {isa = PBXFileReference; explicitFileType = wrapper.cfbundle; includeInIndex = 0; path = "Technical-WorkshopUITests.xctest"; sourceTree = BUILT_PRODUCTS_DIR; };
		17FF175E2A1F68DB00E6A365 /* Technical_WorkshopUITests.swift */ = {isa = PBXFileReference; lastKnownFileType = sourcecode.swift; path = Technical_WorkshopUITests.swift; sourceTree = "<group>"; };
		17FF17602A1F68DB00E6A365 /* Technical_WorkshopUITestsLaunchTests.swift */ = {isa = PBXFileReference; lastKnownFileType = sourcecode.swift; path = Technical_WorkshopUITestsLaunchTests.swift; sourceTree = "<group>"; };
		3F63E5C92A20A93D00E0E790 /* MealCollectionViewCell.xib */ = {isa = PBXFileReference; fileEncoding = 4; lastKnownFileType = file.xib; path = MealCollectionViewCell.xib; sourceTree = "<group>"; };
		3F63E5CD2A20ACA800E0E790 /* UIImageGradient.swift */ = {isa = PBXFileReference; lastKnownFileType = sourcecode.swift; path = UIImageGradient.swift; sourceTree = "<group>"; };
		3F63E5CF2A20AE0A00E0E790 /* MealCollectionViewCell.swift */ = {isa = PBXFileReference; lastKnownFileType = sourcecode.swift; path = MealCollectionViewCell.swift; sourceTree = "<group>"; };
		3F63E5D22A20B12400E0E790 /* Poppins-ExtraLightItalic.ttf */ = {isa = PBXFileReference; lastKnownFileType = file; path = "Poppins-ExtraLightItalic.ttf"; sourceTree = "<group>"; };
		3F63E5D32A20B12400E0E790 /* Poppins-Light.ttf */ = {isa = PBXFileReference; lastKnownFileType = file; path = "Poppins-Light.ttf"; sourceTree = "<group>"; };
		3F63E5D42A20B12400E0E790 /* Poppins-Medium.ttf */ = {isa = PBXFileReference; lastKnownFileType = file; path = "Poppins-Medium.ttf"; sourceTree = "<group>"; };
		3F63E5D52A20B12400E0E790 /* Poppins-Regular.ttf */ = {isa = PBXFileReference; lastKnownFileType = file; path = "Poppins-Regular.ttf"; sourceTree = "<group>"; };
		3F63E5D62A20B12400E0E790 /* Poppins-Italic.ttf */ = {isa = PBXFileReference; lastKnownFileType = file; path = "Poppins-Italic.ttf"; sourceTree = "<group>"; };
		3F63E5D72A20B12400E0E790 /* Poppins-BoldItalic.ttf */ = {isa = PBXFileReference; lastKnownFileType = file; path = "Poppins-BoldItalic.ttf"; sourceTree = "<group>"; };
		3F63E5D92A20B12400E0E790 /* Poppins-BlackItalic.ttf */ = {isa = PBXFileReference; lastKnownFileType = file; path = "Poppins-BlackItalic.ttf"; sourceTree = "<group>"; };
		3F63E5DA2A20B12400E0E790 /* Poppins-ExtraLight.ttf */ = {isa = PBXFileReference; lastKnownFileType = file; path = "Poppins-ExtraLight.ttf"; sourceTree = "<group>"; };
		3F63E5DB2A20B12400E0E790 /* Poppins-ExtraBold.ttf */ = {isa = PBXFileReference; lastKnownFileType = file; path = "Poppins-ExtraBold.ttf"; sourceTree = "<group>"; };
		3F63E5DC2A20B12400E0E790 /* Poppins-Bold.ttf */ = {isa = PBXFileReference; lastKnownFileType = file; path = "Poppins-Bold.ttf"; sourceTree = "<group>"; };
		3F63E5DD2A20B12400E0E790 /* Poppins-SemiBoldItalic.ttf */ = {isa = PBXFileReference; lastKnownFileType = file; path = "Poppins-SemiBoldItalic.ttf"; sourceTree = "<group>"; };
		3F63E5DE2A20B12400E0E790 /* Poppins-SemiBold.ttf */ = {isa = PBXFileReference; lastKnownFileType = file; path = "Poppins-SemiBold.ttf"; sourceTree = "<group>"; };
		3F63E5DF2A20B12400E0E790 /* Poppins-Thin.ttf */ = {isa = PBXFileReference; lastKnownFileType = file; path = "Poppins-Thin.ttf"; sourceTree = "<group>"; };
		3F63E5E02A20B12400E0E790 /* Poppins-ThinItalic.ttf */ = {isa = PBXFileReference; lastKnownFileType = file; path = "Poppins-ThinItalic.ttf"; sourceTree = "<group>"; };
		3F63E5E12A20B12400E0E790 /* Poppins-MediumItalic.ttf */ = {isa = PBXFileReference; lastKnownFileType = file; path = "Poppins-MediumItalic.ttf"; sourceTree = "<group>"; };
		3F63E5E22A20B12400E0E790 /* Poppins-Black.ttf */ = {isa = PBXFileReference; lastKnownFileType = file; path = "Poppins-Black.ttf"; sourceTree = "<group>"; };
		3F63E5E32A20B12400E0E790 /* Poppins-LightItalic.ttf */ = {isa = PBXFileReference; lastKnownFileType = file; path = "Poppins-LightItalic.ttf"; sourceTree = "<group>"; };
		3F63E5E42A20B12400E0E790 /* Poppins-ExtraBoldItalic.ttf */ = {isa = PBXFileReference; lastKnownFileType = file; path = "Poppins-ExtraBoldItalic.ttf"; sourceTree = "<group>"; };
		5512945F6BD19DDADB123BD0 /* Pods_Technical_WorkshopTests.framework */ = {isa = PBXFileReference; explicitFileType = wrapper.framework; includeInIndex = 0; path = Pods_Technical_WorkshopTests.framework; sourceTree = BUILT_PRODUCTS_DIR; };
		75F982ADFCBE6C66B56010DF /* Pods-Technical-Workshop-Technical-WorkshopUITests.release.xcconfig */ = {isa = PBXFileReference; includeInIndex = 1; lastKnownFileType = text.xcconfig; name = "Pods-Technical-Workshop-Technical-WorkshopUITests.release.xcconfig"; path = "Target Support Files/Pods-Technical-Workshop-Technical-WorkshopUITests/Pods-Technical-Workshop-Technical-WorkshopUITests.release.xcconfig"; sourceTree = "<group>"; };
		9815C727B48F87845989531F /* Pods-Technical-Workshop.release.xcconfig */ = {isa = PBXFileReference; includeInIndex = 1; lastKnownFileType = text.xcconfig; name = "Pods-Technical-Workshop.release.xcconfig"; path = "Target Support Files/Pods-Technical-Workshop/Pods-Technical-Workshop.release.xcconfig"; sourceTree = "<group>"; };
		B5A01150EF4BAAB58EE1490F /* Pods-Technical-WorkshopTests.release.xcconfig */ = {isa = PBXFileReference; includeInIndex = 1; lastKnownFileType = text.xcconfig; name = "Pods-Technical-WorkshopTests.release.xcconfig"; path = "Target Support Files/Pods-Technical-WorkshopTests/Pods-Technical-WorkshopTests.release.xcconfig"; sourceTree = "<group>"; };
		C972C2B209D5FDDE211F2C82 /* Pods-Technical-WorkshopTests.debug.xcconfig */ = {isa = PBXFileReference; includeInIndex = 1; lastKnownFileType = text.xcconfig; name = "Pods-Technical-WorkshopTests.debug.xcconfig"; path = "Target Support Files/Pods-Technical-WorkshopTests/Pods-Technical-WorkshopTests.debug.xcconfig"; sourceTree = "<group>"; };
		D92E17432F8CFB4193DB77F4 /* Pods_Technical_Workshop.framework */ = {isa = PBXFileReference; explicitFileType = wrapper.framework; includeInIndex = 0; path = Pods_Technical_Workshop.framework; sourceTree = BUILT_PRODUCTS_DIR; };
		E743DF5D457396D8D404AFEE /* Pods-Technical-Workshop.debug.xcconfig */ = {isa = PBXFileReference; includeInIndex = 1; lastKnownFileType = text.xcconfig; name = "Pods-Technical-Workshop.debug.xcconfig"; path = "Target Support Files/Pods-Technical-Workshop/Pods-Technical-Workshop.debug.xcconfig"; sourceTree = "<group>"; };
/* End PBXFileReference section */

/* Begin PBXFrameworksBuildPhase section */
		17FF17342A1F68D900E6A365 /* Frameworks */ = {
			isa = PBXFrameworksBuildPhase;
			buildActionMask = 2147483647;
			files = (
				F2FF4372364CE995C9ACF6E0 /* Pods_Technical_Workshop.framework in Frameworks */,
			);
			runOnlyForDeploymentPostprocessing = 0;
		};
		17FF174D2A1F68DB00E6A365 /* Frameworks */ = {
			isa = PBXFrameworksBuildPhase;
			buildActionMask = 2147483647;
			files = (
				F136814F33776CB6CDF53DAD /* Pods_Technical_WorkshopTests.framework in Frameworks */,
			);
			runOnlyForDeploymentPostprocessing = 0;
		};
		17FF17572A1F68DB00E6A365 /* Frameworks */ = {
			isa = PBXFrameworksBuildPhase;
			buildActionMask = 2147483647;
			files = (
				D3847E8EB7E40498BAF59E61 /* Pods_Technical_Workshop_Technical_WorkshopUITests.framework in Frameworks */,
			);
			runOnlyForDeploymentPostprocessing = 0;
		};
/* End PBXFrameworksBuildPhase section */

/* Begin PBXGroup section */
		178484BB2A209D520002D108 /* Launch Screen */ = {
			isa = PBXGroup;
			children = (
				178484CB2A209ECA0002D108 /* View */,
				178484C82A209EBA0002D108 /* ViewModel */,
			);
			path = "Launch Screen";
			sourceTree = "<group>";
		};
		178484BC2A209D600002D108 /* Home Screen */ = {
			isa = PBXGroup;
			children = (
				178484EC2A20B5A10002D108 /* Models */,
				178484C42A209E9D0002D108 /* View */,
				178484C32A209E8E0002D108 /* ViewModel */,
			);
			path = "Home Screen";
			sourceTree = "<group>";
		};
		178484BD2A209D680002D108 /* Favorites Screen */ = {
			isa = PBXGroup;
			children = (
				178484CA2A209EC60002D108 /* View */,
				178484C72A209EB50002D108 /* ViewModel */,
			);
			path = "Favorites Screen";
			sourceTree = "<group>";
		};
		178484BE2A209D740002D108 /* Details Screen */ = {
			isa = PBXGroup;
			children = (
				178484C92A209EC10002D108 /* View */,
				178484C62A209EAF0002D108 /* ViewModel */,
			);
			path = "Details Screen";
			sourceTree = "<group>";
		};
		178484BF2A209DE10002D108 /* Presentation */ = {
			isa = PBXGroup;
			children = (
				178484BB2A209D520002D108 /* Launch Screen */,
				178484BC2A209D600002D108 /* Home Screen */,
				178484BD2A209D680002D108 /* Favorites Screen */,
				178484BE2A209D740002D108 /* Details Screen */,
			);
			path = Presentation;
			sourceTree = "<group>";
		};
		178484C02A209E0B0002D108 /* Supporting */ = {
			isa = PBXGroup;
			children = (
				17FF173A2A1F68D900E6A365 /* AppDelegate.swift */,
				17FF173C2A1F68D900E6A365 /* SceneDelegate.swift */,
			);
			path = Supporting;
			sourceTree = "<group>";
		};
		178484C12A209E280002D108 /* Resources */ = {
			isa = PBXGroup;
			children = (
				3F63E5D12A20B0FC00E0E790 /* Fonts */,
				17FF17462A1F68DB00E6A365 /* Assets.xcassets */,
				17FF17482A1F68DB00E6A365 /* LaunchScreen.storyboard */,
				17FF174B2A1F68DB00E6A365 /* Info.plist */,
			);
			path = Resources;
			sourceTree = "<group>";
		};
		178484C22A209E690002D108 /* Utils */ = {
			isa = PBXGroup;
			children = (
				178484B92A209D100002D108 /* Constants.swift */,
			);
			path = Utils;
			sourceTree = "<group>";
		};
		178484C32A209E8E0002D108 /* ViewModel */ = {
			isa = PBXGroup;
			children = (
				178484E62A20A2190002D108 /* HomeScreenViewModel.swift */,
				178484F72A20D4F30002D108 /* HomeScreenViewModelType.swift */,
			);
			path = ViewModel;
			sourceTree = "<group>";
		};
		178484C42A209E9D0002D108 /* View */ = {
			isa = PBXGroup;
			children = (
				3F63E5CC2A20A95B00E0E790 /* Meal Cell */,
				178484D62A20A1800002D108 /* HomeScreenStoryboard.storyboard */,
				178484DC2A20A1CA0002D108 /* HomeScreenViewController.swift */,
				178484F12A20B74A0002D108 /* CategoryCollectionViewCell.swift */,
			);
			path = View;
			sourceTree = "<group>";
		};
		178484C62A209EAF0002D108 /* ViewModel */ = {
			isa = PBXGroup;
			children = (
				178484EA2A20A2320002D108 /* DetailsScreenViewModel.swift */,
			);
			path = ViewModel;
			sourceTree = "<group>";
		};
		178484C72A209EB50002D108 /* ViewModel */ = {
			isa = PBXGroup;
			children = (
				178484E82A20A2250002D108 /* FavoritesScreenViewModel.swift */,
			);
			path = ViewModel;
			sourceTree = "<group>";
		};
		178484C82A209EBA0002D108 /* ViewModel */ = {
			isa = PBXGroup;
			children = (
				178484E42A20A20F0002D108 /* LaunchScreenViewModel.swift */,
			);
			path = ViewModel;
			sourceTree = "<group>";
		};
		178484C92A209EC10002D108 /* View */ = {
			isa = PBXGroup;
			children = (
				178484DA2A20A1A00002D108 /* DetailsScreenStoryboard.storyboard */,
				178484E02A20A1E60002D108 /* DetailsScreenViewController.swift */,
			);
			path = View;
			sourceTree = "<group>";
		};
		178484CA2A209EC60002D108 /* View */ = {
			isa = PBXGroup;
			children = (
				178484D82A20A1920002D108 /* FavoritesScreenStoryboard.storyboard */,
				178484DE2A20A1DB0002D108 /* FavoritesScreenViewController.swift */,
			);
			path = View;
			sourceTree = "<group>";
		};
		178484CB2A209ECA0002D108 /* View */ = {
			isa = PBXGroup;
			children = (
				178484D42A20A16D0002D108 /* LaunchScreenStoryboard.storyboard */,
				178484E22A20A1F80002D108 /* LaunchScreenViewController.swift */,
			);
			path = View;
			sourceTree = "<group>";
		};
		178484CF2A209F060002D108 /* Data */ = {
			isa = PBXGroup;
			children = (
				178484D32A209F880002D108 /* Models */,
				178484D12A209F0D0002D108 /* Local */,
				178484D02A209F090002D108 /* Remote */,
			);
			path = Data;
			sourceTree = "<group>";
		};
		178484D02A209F090002D108 /* Remote */ = {
			isa = PBXGroup;
			children = (
				144720B42A20DFF300106C75 /* APIServices.swift */,
				144720B52A20DFF300106C75 /* NetworkManagerProtocol.swift */,
			);
			path = Remote;
			sourceTree = "<group>";
		};
		178484D12A209F0D0002D108 /* Local */ = {
			isa = PBXGroup;
			children = (
			);
			path = Local;
			sourceTree = "<group>";
		};
		178484D32A209F880002D108 /* Models */ = {
			isa = PBXGroup;
			children = (
				144720B22A20DFE900106C75 /* Models.swift */,
			);
			path = Models;
			sourceTree = "<group>";
		};
		178484EC2A20B5A10002D108 /* Models */ = {
			isa = PBXGroup;
			children = (
				178484ED2A20B5B20002D108 /* CategoryItem.swift */,
				178484EF2A20B5EC0002D108 /* CategoryImage.swift */,
				17EBEC112A20E25000572806 /* MealItem.swift */,
				17EBEC132A20E33A00572806 /* MealImage.swift */,
			);
			path = Models;
			sourceTree = "<group>";
		};
		17FF172E2A1F68D900E6A365 = {
			isa = PBXGroup;
			children = (
				17FF17392A1F68D900E6A365 /* Technical-Workshop */,
				17FF17532A1F68DB00E6A365 /* Technical-WorkshopTests */,
				17FF175D2A1F68DB00E6A365 /* Technical-WorkshopUITests */,
				17FF17382A1F68D900E6A365 /* Products */,
				DAAC8040110B28A5AFE82709 /* Pods */,
				3C2AD9D677B67636BFA91549 /* Frameworks */,
			);
			sourceTree = "<group>";
		};
		17FF17382A1F68D900E6A365 /* Products */ = {
			isa = PBXGroup;
			children = (
				17FF17372A1F68D900E6A365 /* Technical-Workshop.app */,
				17FF17502A1F68DB00E6A365 /* Technical-WorkshopTests.xctest */,
				17FF175A2A1F68DB00E6A365 /* Technical-WorkshopUITests.xctest */,
			);
			name = Products;
			sourceTree = "<group>";
		};
		17FF17392A1F68D900E6A365 /* Technical-Workshop */ = {
			isa = PBXGroup;
			children = (
				178484C22A209E690002D108 /* Utils */,
				178484CF2A209F060002D108 /* Data */,
				178484BF2A209DE10002D108 /* Presentation */,
				178484C02A209E0B0002D108 /* Supporting */,
				178484C12A209E280002D108 /* Resources */,
				17FF17432A1F68D900E6A365 /* Technical_Workshop.xcdatamodeld */,
			);
			path = "Technical-Workshop";
			sourceTree = "<group>";
		};
		17FF17532A1F68DB00E6A365 /* Technical-WorkshopTests */ = {
			isa = PBXGroup;
			children = (
				17FF17542A1F68DB00E6A365 /* Technical_WorkshopTests.swift */,
			);
			path = "Technical-WorkshopTests";
			sourceTree = "<group>";
		};
		17FF175D2A1F68DB00E6A365 /* Technical-WorkshopUITests */ = {
			isa = PBXGroup;
			children = (
				17FF175E2A1F68DB00E6A365 /* Technical_WorkshopUITests.swift */,
				17FF17602A1F68DB00E6A365 /* Technical_WorkshopUITestsLaunchTests.swift */,
			);
			path = "Technical-WorkshopUITests";
			sourceTree = "<group>";
		};
		3C2AD9D677B67636BFA91549 /* Frameworks */ = {
			isa = PBXGroup;
			children = (
				D92E17432F8CFB4193DB77F4 /* Pods_Technical_Workshop.framework */,
				17A313B067C975F6E36B0BEA /* Pods_Technical_Workshop_Technical_WorkshopUITests.framework */,
				5512945F6BD19DDADB123BD0 /* Pods_Technical_WorkshopTests.framework */,
			);
			name = Frameworks;
			sourceTree = "<group>";
		};
		3F63E5CC2A20A95B00E0E790 /* Meal Cell */ = {
			isa = PBXGroup;
			children = (
				3F63E5C92A20A93D00E0E790 /* MealCollectionViewCell.xib */,
				3F63E5CD2A20ACA800E0E790 /* UIImageGradient.swift */,
				3F63E5CF2A20AE0A00E0E790 /* MealCollectionViewCell.swift */,
			);
			path = "Meal Cell";
			sourceTree = "<group>";
		};
		3F63E5D12A20B0FC00E0E790 /* Fonts */ = {
			isa = PBXGroup;
			children = (
				3F63E5E22A20B12400E0E790 /* Poppins-Black.ttf */,
				3F63E5D92A20B12400E0E790 /* Poppins-BlackItalic.ttf */,
				3F63E5DC2A20B12400E0E790 /* Poppins-Bold.ttf */,
				3F63E5D72A20B12400E0E790 /* Poppins-BoldItalic.ttf */,
				3F63E5DB2A20B12400E0E790 /* Poppins-ExtraBold.ttf */,
				3F63E5E42A20B12400E0E790 /* Poppins-ExtraBoldItalic.ttf */,
				3F63E5DA2A20B12400E0E790 /* Poppins-ExtraLight.ttf */,
				3F63E5D22A20B12400E0E790 /* Poppins-ExtraLightItalic.ttf */,
				3F63E5D62A20B12400E0E790 /* Poppins-Italic.ttf */,
				3F63E5D32A20B12400E0E790 /* Poppins-Light.ttf */,
				3F63E5E32A20B12400E0E790 /* Poppins-LightItalic.ttf */,
				3F63E5D42A20B12400E0E790 /* Poppins-Medium.ttf */,
				3F63E5E12A20B12400E0E790 /* Poppins-MediumItalic.ttf */,
				3F63E5D52A20B12400E0E790 /* Poppins-Regular.ttf */,
				3F63E5DE2A20B12400E0E790 /* Poppins-SemiBold.ttf */,
				3F63E5DD2A20B12400E0E790 /* Poppins-SemiBoldItalic.ttf */,
				3F63E5DF2A20B12400E0E790 /* Poppins-Thin.ttf */,
				3F63E5E02A20B12400E0E790 /* Poppins-ThinItalic.ttf */,
			);
			path = Fonts;
			sourceTree = "<group>";
		};
		DAAC8040110B28A5AFE82709 /* Pods */ = {
			isa = PBXGroup;
			children = (
				E743DF5D457396D8D404AFEE /* Pods-Technical-Workshop.debug.xcconfig */,
				9815C727B48F87845989531F /* Pods-Technical-Workshop.release.xcconfig */,
				02F17445B1AA865313358C41 /* Pods-Technical-Workshop-Technical-WorkshopUITests.debug.xcconfig */,
				75F982ADFCBE6C66B56010DF /* Pods-Technical-Workshop-Technical-WorkshopUITests.release.xcconfig */,
				C972C2B209D5FDDE211F2C82 /* Pods-Technical-WorkshopTests.debug.xcconfig */,
				B5A01150EF4BAAB58EE1490F /* Pods-Technical-WorkshopTests.release.xcconfig */,
			);
			path = Pods;
			sourceTree = "<group>";
		};
/* End PBXGroup section */

/* Begin PBXNativeTarget section */
		17FF17362A1F68D900E6A365 /* Technical-Workshop */ = {
			isa = PBXNativeTarget;
			buildConfigurationList = 17FF17642A1F68DB00E6A365 /* Build configuration list for PBXNativeTarget "Technical-Workshop" */;
			buildPhases = (
				6BE28C8FA0853A039468CD5B /* [CP] Check Pods Manifest.lock */,
				17FF17332A1F68D900E6A365 /* Sources */,
				17FF17342A1F68D900E6A365 /* Frameworks */,
				17FF17352A1F68D900E6A365 /* Resources */,
				9FCEB4F98ADB481FA4BEEEC8 /* [CP] Embed Pods Frameworks */,
			);
			buildRules = (
			);
			dependencies = (
			);
			name = "Technical-Workshop";
			productName = "Technical-Workshop";
			productReference = 17FF17372A1F68D900E6A365 /* Technical-Workshop.app */;
			productType = "com.apple.product-type.application";
		};
		17FF174F2A1F68DB00E6A365 /* Technical-WorkshopTests */ = {
			isa = PBXNativeTarget;
			buildConfigurationList = 17FF17672A1F68DB00E6A365 /* Build configuration list for PBXNativeTarget "Technical-WorkshopTests" */;
			buildPhases = (
				C1D5E49BB1DB4A21DA039224 /* [CP] Check Pods Manifest.lock */,
				17FF174C2A1F68DB00E6A365 /* Sources */,
				17FF174D2A1F68DB00E6A365 /* Frameworks */,
				17FF174E2A1F68DB00E6A365 /* Resources */,
			);
			buildRules = (
			);
			dependencies = (
				17FF17522A1F68DB00E6A365 /* PBXTargetDependency */,
			);
			name = "Technical-WorkshopTests";
			productName = "Technical-WorkshopTests";
			productReference = 17FF17502A1F68DB00E6A365 /* Technical-WorkshopTests.xctest */;
			productType = "com.apple.product-type.bundle.unit-test";
		};
		17FF17592A1F68DB00E6A365 /* Technical-WorkshopUITests */ = {
			isa = PBXNativeTarget;
			buildConfigurationList = 17FF176A2A1F68DB00E6A365 /* Build configuration list for PBXNativeTarget "Technical-WorkshopUITests" */;
			buildPhases = (
				9618E90ECD55E793B726BC19 /* [CP] Check Pods Manifest.lock */,
				17FF17562A1F68DB00E6A365 /* Sources */,
				17FF17572A1F68DB00E6A365 /* Frameworks */,
				17FF17582A1F68DB00E6A365 /* Resources */,
				48B43E051B17FB8380D8AD0B /* [CP] Embed Pods Frameworks */,
			);
			buildRules = (
			);
			dependencies = (
				17FF175C2A1F68DB00E6A365 /* PBXTargetDependency */,
			);
			name = "Technical-WorkshopUITests";
			productName = "Technical-WorkshopUITests";
			productReference = 17FF175A2A1F68DB00E6A365 /* Technical-WorkshopUITests.xctest */;
			productType = "com.apple.product-type.bundle.ui-testing";
		};
/* End PBXNativeTarget section */

/* Begin PBXProject section */
		17FF172F2A1F68D900E6A365 /* Project object */ = {
			isa = PBXProject;
			attributes = {
				BuildIndependentTargetsInParallel = 1;
				LastSwiftUpdateCheck = 1420;
				LastUpgradeCheck = 1420;
				TargetAttributes = {
					17FF17362A1F68D900E6A365 = {
						CreatedOnToolsVersion = 14.2;
					};
					17FF174F2A1F68DB00E6A365 = {
						CreatedOnToolsVersion = 14.2;
						TestTargetID = 17FF17362A1F68D900E6A365;
					};
					17FF17592A1F68DB00E6A365 = {
						CreatedOnToolsVersion = 14.2;
						TestTargetID = 17FF17362A1F68D900E6A365;
					};
				};
			};
			buildConfigurationList = 17FF17322A1F68D900E6A365 /* Build configuration list for PBXProject "Technical-Workshop" */;
			compatibilityVersion = "Xcode 14.0";
			developmentRegion = en;
			hasScannedForEncodings = 0;
			knownRegions = (
				en,
				Base,
			);
			mainGroup = 17FF172E2A1F68D900E6A365;
			productRefGroup = 17FF17382A1F68D900E6A365 /* Products */;
			projectDirPath = "";
			projectRoot = "";
			targets = (
				17FF17362A1F68D900E6A365 /* Technical-Workshop */,
				17FF174F2A1F68DB00E6A365 /* Technical-WorkshopTests */,
				17FF17592A1F68DB00E6A365 /* Technical-WorkshopUITests */,
			);
		};
/* End PBXProject section */

/* Begin PBXResourcesBuildPhase section */
		17FF17352A1F68D900E6A365 /* Resources */ = {
			isa = PBXResourcesBuildPhase;
			buildActionMask = 2147483647;
			files = (
				3F63E5F52A20B12400E0E790 /* Poppins-Black.ttf in Resources */,
				3F63E5F02A20B12400E0E790 /* Poppins-SemiBoldItalic.ttf in Resources */,
				3F63E5EF2A20B12400E0E790 /* Poppins-Bold.ttf in Resources */,
				3F63E5F32A20B12400E0E790 /* Poppins-ThinItalic.ttf in Resources */,
				3F63E5E52A20B12400E0E790 /* Poppins-ExtraLightItalic.ttf in Resources */,
				3F63E5E62A20B12400E0E790 /* Poppins-Light.ttf in Resources */,
				3F63E5F12A20B12400E0E790 /* Poppins-SemiBold.ttf in Resources */,
				3F63E5EA2A20B12400E0E790 /* Poppins-BoldItalic.ttf in Resources */,
				3F63E5ED2A20B12400E0E790 /* Poppins-ExtraLight.ttf in Resources */,
				178484D72A20A1800002D108 /* HomeScreenStoryboard.storyboard in Resources */,
				3F63E5F62A20B12400E0E790 /* Poppins-LightItalic.ttf in Resources */,
				178484D52A20A16D0002D108 /* LaunchScreenStoryboard.storyboard in Resources */,
				17FF174A2A1F68DB00E6A365 /* LaunchScreen.storyboard in Resources */,
				3F63E5EC2A20B12400E0E790 /* Poppins-BlackItalic.ttf in Resources */,
				3F63E5CB2A20A93E00E0E790 /* MealCollectionViewCell.xib in Resources */,
				3F63E5E92A20B12400E0E790 /* Poppins-Italic.ttf in Resources */,
				178484D92A20A1920002D108 /* FavoritesScreenStoryboard.storyboard in Resources */,
				3F63E5F72A20B12400E0E790 /* Poppins-ExtraBoldItalic.ttf in Resources */,
				3F63E5F22A20B12400E0E790 /* Poppins-Thin.ttf in Resources */,
				178484DB2A20A1A00002D108 /* DetailsScreenStoryboard.storyboard in Resources */,
				3F63E5E82A20B12400E0E790 /* Poppins-Regular.ttf in Resources */,
				3F63E5EE2A20B12400E0E790 /* Poppins-ExtraBold.ttf in Resources */,
				17FF17472A1F68DB00E6A365 /* Assets.xcassets in Resources */,
				3F63E5F42A20B12400E0E790 /* Poppins-MediumItalic.ttf in Resources */,
				3F63E5E72A20B12400E0E790 /* Poppins-Medium.ttf in Resources */,
			);
			runOnlyForDeploymentPostprocessing = 0;
		};
		17FF174E2A1F68DB00E6A365 /* Resources */ = {
			isa = PBXResourcesBuildPhase;
			buildActionMask = 2147483647;
			files = (
			);
			runOnlyForDeploymentPostprocessing = 0;
		};
		17FF17582A1F68DB00E6A365 /* Resources */ = {
			isa = PBXResourcesBuildPhase;
			buildActionMask = 2147483647;
			files = (
			);
			runOnlyForDeploymentPostprocessing = 0;
		};
/* End PBXResourcesBuildPhase section */

/* Begin PBXShellScriptBuildPhase section */
		48B43E051B17FB8380D8AD0B /* [CP] Embed Pods Frameworks */ = {
			isa = PBXShellScriptBuildPhase;
			buildActionMask = 2147483647;
			files = (
			);
			inputFileListPaths = (
				"${PODS_ROOT}/Target Support Files/Pods-Technical-Workshop-Technical-WorkshopUITests/Pods-Technical-Workshop-Technical-WorkshopUITests-frameworks-${CONFIGURATION}-input-files.xcfilelist",
			);
			name = "[CP] Embed Pods Frameworks";
			outputFileListPaths = (
				"${PODS_ROOT}/Target Support Files/Pods-Technical-Workshop-Technical-WorkshopUITests/Pods-Technical-Workshop-Technical-WorkshopUITests-frameworks-${CONFIGURATION}-output-files.xcfilelist",
			);
			runOnlyForDeploymentPostprocessing = 0;
			shellPath = /bin/sh;
			shellScript = "\"${PODS_ROOT}/Target Support Files/Pods-Technical-Workshop-Technical-WorkshopUITests/Pods-Technical-Workshop-Technical-WorkshopUITests-frameworks.sh\"\n";
			showEnvVarsInLog = 0;
		};
		6BE28C8FA0853A039468CD5B /* [CP] Check Pods Manifest.lock */ = {
			isa = PBXShellScriptBuildPhase;
			buildActionMask = 2147483647;
			files = (
			);
			inputFileListPaths = (
			);
			inputPaths = (
				"${PODS_PODFILE_DIR_PATH}/Podfile.lock",
				"${PODS_ROOT}/Manifest.lock",
			);
			name = "[CP] Check Pods Manifest.lock";
			outputFileListPaths = (
			);
			outputPaths = (
				"$(DERIVED_FILE_DIR)/Pods-Technical-Workshop-checkManifestLockResult.txt",
			);
			runOnlyForDeploymentPostprocessing = 0;
			shellPath = /bin/sh;
			shellScript = "diff \"${PODS_PODFILE_DIR_PATH}/Podfile.lock\" \"${PODS_ROOT}/Manifest.lock\" > /dev/null\nif [ $? != 0 ] ; then\n    # print error to STDERR\n    echo \"error: The sandbox is not in sync with the Podfile.lock. Run 'pod install' or update your CocoaPods installation.\" >&2\n    exit 1\nfi\n# This output is used by Xcode 'outputs' to avoid re-running this script phase.\necho \"SUCCESS\" > \"${SCRIPT_OUTPUT_FILE_0}\"\n";
			showEnvVarsInLog = 0;
		};
		9618E90ECD55E793B726BC19 /* [CP] Check Pods Manifest.lock */ = {
			isa = PBXShellScriptBuildPhase;
			buildActionMask = 2147483647;
			files = (
			);
			inputFileListPaths = (
			);
			inputPaths = (
				"${PODS_PODFILE_DIR_PATH}/Podfile.lock",
				"${PODS_ROOT}/Manifest.lock",
			);
			name = "[CP] Check Pods Manifest.lock";
			outputFileListPaths = (
			);
			outputPaths = (
				"$(DERIVED_FILE_DIR)/Pods-Technical-Workshop-Technical-WorkshopUITests-checkManifestLockResult.txt",
			);
			runOnlyForDeploymentPostprocessing = 0;
			shellPath = /bin/sh;
			shellScript = "diff \"${PODS_PODFILE_DIR_PATH}/Podfile.lock\" \"${PODS_ROOT}/Manifest.lock\" > /dev/null\nif [ $? != 0 ] ; then\n    # print error to STDERR\n    echo \"error: The sandbox is not in sync with the Podfile.lock. Run 'pod install' or update your CocoaPods installation.\" >&2\n    exit 1\nfi\n# This output is used by Xcode 'outputs' to avoid re-running this script phase.\necho \"SUCCESS\" > \"${SCRIPT_OUTPUT_FILE_0}\"\n";
			showEnvVarsInLog = 0;
		};
		9FCEB4F98ADB481FA4BEEEC8 /* [CP] Embed Pods Frameworks */ = {
			isa = PBXShellScriptBuildPhase;
			buildActionMask = 2147483647;
			files = (
			);
			inputFileListPaths = (
				"${PODS_ROOT}/Target Support Files/Pods-Technical-Workshop/Pods-Technical-Workshop-frameworks-${CONFIGURATION}-input-files.xcfilelist",
			);
			name = "[CP] Embed Pods Frameworks";
			outputFileListPaths = (
				"${PODS_ROOT}/Target Support Files/Pods-Technical-Workshop/Pods-Technical-Workshop-frameworks-${CONFIGURATION}-output-files.xcfilelist",
			);
			runOnlyForDeploymentPostprocessing = 0;
			shellPath = /bin/sh;
			shellScript = "\"${PODS_ROOT}/Target Support Files/Pods-Technical-Workshop/Pods-Technical-Workshop-frameworks.sh\"\n";
			showEnvVarsInLog = 0;
		};
		C1D5E49BB1DB4A21DA039224 /* [CP] Check Pods Manifest.lock */ = {
			isa = PBXShellScriptBuildPhase;
			buildActionMask = 2147483647;
			files = (
			);
			inputFileListPaths = (
			);
			inputPaths = (
				"${PODS_PODFILE_DIR_PATH}/Podfile.lock",
				"${PODS_ROOT}/Manifest.lock",
			);
			name = "[CP] Check Pods Manifest.lock";
			outputFileListPaths = (
			);
			outputPaths = (
				"$(DERIVED_FILE_DIR)/Pods-Technical-WorkshopTests-checkManifestLockResult.txt",
			);
			runOnlyForDeploymentPostprocessing = 0;
			shellPath = /bin/sh;
			shellScript = "diff \"${PODS_PODFILE_DIR_PATH}/Podfile.lock\" \"${PODS_ROOT}/Manifest.lock\" > /dev/null\nif [ $? != 0 ] ; then\n    # print error to STDERR\n    echo \"error: The sandbox is not in sync with the Podfile.lock. Run 'pod install' or update your CocoaPods installation.\" >&2\n    exit 1\nfi\n# This output is used by Xcode 'outputs' to avoid re-running this script phase.\necho \"SUCCESS\" > \"${SCRIPT_OUTPUT_FILE_0}\"\n";
			showEnvVarsInLog = 0;
		};
/* End PBXShellScriptBuildPhase section */

/* Begin PBXSourcesBuildPhase section */
		17FF17332A1F68D900E6A365 /* Sources */ = {
			isa = PBXSourcesBuildPhase;
			buildActionMask = 2147483647;
			files = (
				178484BA2A209D100002D108 /* Constants.swift in Sources */,
				144720B32A20DFE900106C75 /* Models.swift in Sources */,
				178484F22A20B74A0002D108 /* CategoryCollectionViewCell.swift in Sources */,
				17EBEC122A20E25000572806 /* MealItem.swift in Sources */,
				178484EB2A20A2320002D108 /* DetailsScreenViewModel.swift in Sources */,
				178484E12A20A1E60002D108 /* DetailsScreenViewController.swift in Sources */,
				178484F02A20B5EC0002D108 /* CategoryImage.swift in Sources */,
				178484E52A20A20F0002D108 /* LaunchScreenViewModel.swift in Sources */,
				178484E32A20A1F80002D108 /* LaunchScreenViewController.swift in Sources */,
				3F63E5D02A20AE0A00E0E790 /* MealCollectionViewCell.swift in Sources */,
				17FF173B2A1F68D900E6A365 /* AppDelegate.swift in Sources */,
				178484DF2A20A1DB0002D108 /* FavoritesScreenViewController.swift in Sources */,
				17FF17452A1F68D900E6A365 /* Technical_Workshop.xcdatamodeld in Sources */,
				17EBEC142A20E33A00572806 /* MealImage.swift in Sources */,
				178484E92A20A2250002D108 /* FavoritesScreenViewModel.swift in Sources */,
				178484EE2A20B5B20002D108 /* CategoryItem.swift in Sources */,
				17FF173D2A1F68D900E6A365 /* SceneDelegate.swift in Sources */,
				3F63E5CE2A20ACA800E0E790 /* UIImageGradient.swift in Sources */,
				178484DD2A20A1CA0002D108 /* HomeScreenViewController.swift in Sources */,
				144720B62A20DFF300106C75 /* APIServices.swift in Sources */,
				144720B72A20DFF300106C75 /* NetworkManagerProtocol.swift in Sources */,
				178484E72A20A2190002D108 /* HomeScreenViewModel.swift in Sources */,
				178484F82A20D4F30002D108 /* HomeScreenViewModelType.swift in Sources */,
			);
			runOnlyForDeploymentPostprocessing = 0;
		};
		17FF174C2A1F68DB00E6A365 /* Sources */ = {
			isa = PBXSourcesBuildPhase;
			buildActionMask = 2147483647;
			files = (
				17FF17552A1F68DB00E6A365 /* Technical_WorkshopTests.swift in Sources */,
			);
			runOnlyForDeploymentPostprocessing = 0;
		};
		17FF17562A1F68DB00E6A365 /* Sources */ = {
			isa = PBXSourcesBuildPhase;
			buildActionMask = 2147483647;
			files = (
				17FF175F2A1F68DB00E6A365 /* Technical_WorkshopUITests.swift in Sources */,
				17FF17612A1F68DB00E6A365 /* Technical_WorkshopUITestsLaunchTests.swift in Sources */,
			);
			runOnlyForDeploymentPostprocessing = 0;
		};
/* End PBXSourcesBuildPhase section */

/* Begin PBXTargetDependency section */
		17FF17522A1F68DB00E6A365 /* PBXTargetDependency */ = {
			isa = PBXTargetDependency;
			target = 17FF17362A1F68D900E6A365 /* Technical-Workshop */;
			targetProxy = 17FF17512A1F68DB00E6A365 /* PBXContainerItemProxy */;
		};
		17FF175C2A1F68DB00E6A365 /* PBXTargetDependency */ = {
			isa = PBXTargetDependency;
			target = 17FF17362A1F68D900E6A365 /* Technical-Workshop */;
			targetProxy = 17FF175B2A1F68DB00E6A365 /* PBXContainerItemProxy */;
		};
/* End PBXTargetDependency section */

/* Begin PBXVariantGroup section */
		17FF17482A1F68DB00E6A365 /* LaunchScreen.storyboard */ = {
			isa = PBXVariantGroup;
			children = (
				17FF17492A1F68DB00E6A365 /* Base */,
			);
			name = LaunchScreen.storyboard;
			sourceTree = "<group>";
		};
/* End PBXVariantGroup section */

/* Begin XCBuildConfiguration section */
		17FF17622A1F68DB00E6A365 /* Debug */ = {
			isa = XCBuildConfiguration;
			buildSettings = {
				ALWAYS_SEARCH_USER_PATHS = NO;
				CLANG_ANALYZER_NONNULL = YES;
				CLANG_ANALYZER_NUMBER_OBJECT_CONVERSION = YES_AGGRESSIVE;
				CLANG_CXX_LANGUAGE_STANDARD = "gnu++20";
				CLANG_ENABLE_MODULES = YES;
				CLANG_ENABLE_OBJC_ARC = YES;
				CLANG_ENABLE_OBJC_WEAK = YES;
				CLANG_WARN_BLOCK_CAPTURE_AUTORELEASING = YES;
				CLANG_WARN_BOOL_CONVERSION = YES;
				CLANG_WARN_COMMA = YES;
				CLANG_WARN_CONSTANT_CONVERSION = YES;
				CLANG_WARN_DEPRECATED_OBJC_IMPLEMENTATIONS = YES;
				CLANG_WARN_DIRECT_OBJC_ISA_USAGE = YES_ERROR;
				CLANG_WARN_DOCUMENTATION_COMMENTS = YES;
				CLANG_WARN_EMPTY_BODY = YES;
				CLANG_WARN_ENUM_CONVERSION = YES;
				CLANG_WARN_INFINITE_RECURSION = YES;
				CLANG_WARN_INT_CONVERSION = YES;
				CLANG_WARN_NON_LITERAL_NULL_CONVERSION = YES;
				CLANG_WARN_OBJC_IMPLICIT_RETAIN_SELF = YES;
				CLANG_WARN_OBJC_LITERAL_CONVERSION = YES;
				CLANG_WARN_OBJC_ROOT_CLASS = YES_ERROR;
				CLANG_WARN_QUOTED_INCLUDE_IN_FRAMEWORK_HEADER = YES;
				CLANG_WARN_RANGE_LOOP_ANALYSIS = YES;
				CLANG_WARN_STRICT_PROTOTYPES = YES;
				CLANG_WARN_SUSPICIOUS_MOVE = YES;
				CLANG_WARN_UNGUARDED_AVAILABILITY = YES_AGGRESSIVE;
				CLANG_WARN_UNREACHABLE_CODE = YES;
				CLANG_WARN__DUPLICATE_METHOD_MATCH = YES;
				COPY_PHASE_STRIP = NO;
				DEBUG_INFORMATION_FORMAT = dwarf;
				ENABLE_STRICT_OBJC_MSGSEND = YES;
				ENABLE_TESTABILITY = YES;
				GCC_C_LANGUAGE_STANDARD = gnu11;
				GCC_DYNAMIC_NO_PIC = NO;
				GCC_NO_COMMON_BLOCKS = YES;
				GCC_OPTIMIZATION_LEVEL = 0;
				GCC_PREPROCESSOR_DEFINITIONS = (
					"DEBUG=1",
					"$(inherited)",
				);
				GCC_WARN_64_TO_32_BIT_CONVERSION = YES;
				GCC_WARN_ABOUT_RETURN_TYPE = YES_ERROR;
				GCC_WARN_UNDECLARED_SELECTOR = YES;
				GCC_WARN_UNINITIALIZED_AUTOS = YES_AGGRESSIVE;
				GCC_WARN_UNUSED_FUNCTION = YES;
				GCC_WARN_UNUSED_VARIABLE = YES;
				IPHONEOS_DEPLOYMENT_TARGET = 16.2;
				MTL_ENABLE_DEBUG_INFO = INCLUDE_SOURCE;
				MTL_FAST_MATH = YES;
				ONLY_ACTIVE_ARCH = YES;
				SDKROOT = iphoneos;
				SWIFT_ACTIVE_COMPILATION_CONDITIONS = DEBUG;
				SWIFT_OPTIMIZATION_LEVEL = "-Onone";
			};
			name = Debug;
		};
		17FF17632A1F68DB00E6A365 /* Release */ = {
			isa = XCBuildConfiguration;
			buildSettings = {
				ALWAYS_SEARCH_USER_PATHS = NO;
				CLANG_ANALYZER_NONNULL = YES;
				CLANG_ANALYZER_NUMBER_OBJECT_CONVERSION = YES_AGGRESSIVE;
				CLANG_CXX_LANGUAGE_STANDARD = "gnu++20";
				CLANG_ENABLE_MODULES = YES;
				CLANG_ENABLE_OBJC_ARC = YES;
				CLANG_ENABLE_OBJC_WEAK = YES;
				CLANG_WARN_BLOCK_CAPTURE_AUTORELEASING = YES;
				CLANG_WARN_BOOL_CONVERSION = YES;
				CLANG_WARN_COMMA = YES;
				CLANG_WARN_CONSTANT_CONVERSION = YES;
				CLANG_WARN_DEPRECATED_OBJC_IMPLEMENTATIONS = YES;
				CLANG_WARN_DIRECT_OBJC_ISA_USAGE = YES_ERROR;
				CLANG_WARN_DOCUMENTATION_COMMENTS = YES;
				CLANG_WARN_EMPTY_BODY = YES;
				CLANG_WARN_ENUM_CONVERSION = YES;
				CLANG_WARN_INFINITE_RECURSION = YES;
				CLANG_WARN_INT_CONVERSION = YES;
				CLANG_WARN_NON_LITERAL_NULL_CONVERSION = YES;
				CLANG_WARN_OBJC_IMPLICIT_RETAIN_SELF = YES;
				CLANG_WARN_OBJC_LITERAL_CONVERSION = YES;
				CLANG_WARN_OBJC_ROOT_CLASS = YES_ERROR;
				CLANG_WARN_QUOTED_INCLUDE_IN_FRAMEWORK_HEADER = YES;
				CLANG_WARN_RANGE_LOOP_ANALYSIS = YES;
				CLANG_WARN_STRICT_PROTOTYPES = YES;
				CLANG_WARN_SUSPICIOUS_MOVE = YES;
				CLANG_WARN_UNGUARDED_AVAILABILITY = YES_AGGRESSIVE;
				CLANG_WARN_UNREACHABLE_CODE = YES;
				CLANG_WARN__DUPLICATE_METHOD_MATCH = YES;
				COPY_PHASE_STRIP = NO;
				DEBUG_INFORMATION_FORMAT = "dwarf-with-dsym";
				ENABLE_NS_ASSERTIONS = NO;
				ENABLE_STRICT_OBJC_MSGSEND = YES;
				GCC_C_LANGUAGE_STANDARD = gnu11;
				GCC_NO_COMMON_BLOCKS = YES;
				GCC_WARN_64_TO_32_BIT_CONVERSION = YES;
				GCC_WARN_ABOUT_RETURN_TYPE = YES_ERROR;
				GCC_WARN_UNDECLARED_SELECTOR = YES;
				GCC_WARN_UNINITIALIZED_AUTOS = YES_AGGRESSIVE;
				GCC_WARN_UNUSED_FUNCTION = YES;
				GCC_WARN_UNUSED_VARIABLE = YES;
				IPHONEOS_DEPLOYMENT_TARGET = 16.2;
				MTL_ENABLE_DEBUG_INFO = NO;
				MTL_FAST_MATH = YES;
				SDKROOT = iphoneos;
				SWIFT_COMPILATION_MODE = wholemodule;
				SWIFT_OPTIMIZATION_LEVEL = "-O";
				VALIDATE_PRODUCT = YES;
			};
			name = Release;
		};
		17FF17652A1F68DB00E6A365 /* Debug */ = {
			isa = XCBuildConfiguration;
			baseConfigurationReference = E743DF5D457396D8D404AFEE /* Pods-Technical-Workshop.debug.xcconfig */;
			buildSettings = {
				ASSETCATALOG_COMPILER_APPICON_NAME = AppIcon;
				ASSETCATALOG_COMPILER_GLOBAL_ACCENT_COLOR_NAME = AccentColor;
				CODE_SIGN_STYLE = Automatic;
				CURRENT_PROJECT_VERSION = 1;
				DEVELOPMENT_TEAM = CV64V222GG;
				GENERATE_INFOPLIST_FILE = YES;
				INFOPLIST_FILE = "Technical-Workshop/Resources/Info.plist";
				INFOPLIST_KEY_UIApplicationSupportsIndirectInputEvents = YES;
				INFOPLIST_KEY_UILaunchStoryboardName = LaunchScreen.storyboard;
				INFOPLIST_KEY_UIMainStoryboardFile = HomeScreenStoryboard;
				INFOPLIST_KEY_UISupportedInterfaceOrientations_iPad = "UIInterfaceOrientationPortrait UIInterfaceOrientationPortraitUpsideDown UIInterfaceOrientationLandscapeLeft UIInterfaceOrientationLandscapeRight";
				INFOPLIST_KEY_UISupportedInterfaceOrientations_iPhone = "UIInterfaceOrientationPortrait UIInterfaceOrientationLandscapeLeft UIInterfaceOrientationLandscapeRight";
				LD_RUNPATH_SEARCH_PATHS = (
					"$(inherited)",
					"@executable_path/Frameworks",
				);
				MARKETING_VERSION = 1.0;
				PRODUCT_BUNDLE_IDENTIFIER = "com.Technical-Workshop";
				PRODUCT_NAME = "$(TARGET_NAME)";
				SWIFT_EMIT_LOC_STRINGS = YES;
				SWIFT_VERSION = 5.0;
				TARGETED_DEVICE_FAMILY = "1,2";
			};
			name = Debug;
		};
		17FF17662A1F68DB00E6A365 /* Release */ = {
			isa = XCBuildConfiguration;
			baseConfigurationReference = 9815C727B48F87845989531F /* Pods-Technical-Workshop.release.xcconfig */;
			buildSettings = {
				ASSETCATALOG_COMPILER_APPICON_NAME = AppIcon;
				ASSETCATALOG_COMPILER_GLOBAL_ACCENT_COLOR_NAME = AccentColor;
				CODE_SIGN_STYLE = Automatic;
				CURRENT_PROJECT_VERSION = 1;
				DEVELOPMENT_TEAM = CV64V222GG;
				GENERATE_INFOPLIST_FILE = YES;
				INFOPLIST_FILE = "Technical-Workshop/Resources/Info.plist";
				INFOPLIST_KEY_UIApplicationSupportsIndirectInputEvents = YES;
				INFOPLIST_KEY_UILaunchStoryboardName = LaunchScreen.storyboard;
				INFOPLIST_KEY_UIMainStoryboardFile = HomeScreenStoryboard;
				INFOPLIST_KEY_UISupportedInterfaceOrientations_iPad = "UIInterfaceOrientationPortrait UIInterfaceOrientationPortraitUpsideDown UIInterfaceOrientationLandscapeLeft UIInterfaceOrientationLandscapeRight";
				INFOPLIST_KEY_UISupportedInterfaceOrientations_iPhone = "UIInterfaceOrientationPortrait UIInterfaceOrientationLandscapeLeft UIInterfaceOrientationLandscapeRight";
				LD_RUNPATH_SEARCH_PATHS = (
					"$(inherited)",
					"@executable_path/Frameworks",
				);
				MARKETING_VERSION = 1.0;
				PRODUCT_BUNDLE_IDENTIFIER = "com.Technical-Workshop";
				PRODUCT_NAME = "$(TARGET_NAME)";
				SWIFT_EMIT_LOC_STRINGS = YES;
				SWIFT_VERSION = 5.0;
				TARGETED_DEVICE_FAMILY = "1,2";
			};
			name = Release;
		};
		17FF17682A1F68DB00E6A365 /* Debug */ = {
			isa = XCBuildConfiguration;
			baseConfigurationReference = C972C2B209D5FDDE211F2C82 /* Pods-Technical-WorkshopTests.debug.xcconfig */;
			buildSettings = {
				ALWAYS_EMBED_SWIFT_STANDARD_LIBRARIES = YES;
				BUNDLE_LOADER = "$(TEST_HOST)";
				CODE_SIGN_STYLE = Automatic;
				CURRENT_PROJECT_VERSION = 1;
				DEVELOPMENT_TEAM = CV64V222GG;
				GENERATE_INFOPLIST_FILE = YES;
				IPHONEOS_DEPLOYMENT_TARGET = 16.2;
				MARKETING_VERSION = 1.0;
				PRODUCT_BUNDLE_IDENTIFIER = "com.Technical-WorkshopTests";
				PRODUCT_NAME = "$(TARGET_NAME)";
				SWIFT_EMIT_LOC_STRINGS = NO;
				SWIFT_VERSION = 5.0;
				TARGETED_DEVICE_FAMILY = "1,2";
				TEST_HOST = "$(BUILT_PRODUCTS_DIR)/Technical-Workshop.app/$(BUNDLE_EXECUTABLE_FOLDER_PATH)/Technical-Workshop";
			};
			name = Debug;
		};
		17FF17692A1F68DB00E6A365 /* Release */ = {
			isa = XCBuildConfiguration;
			baseConfigurationReference = B5A01150EF4BAAB58EE1490F /* Pods-Technical-WorkshopTests.release.xcconfig */;
			buildSettings = {
				ALWAYS_EMBED_SWIFT_STANDARD_LIBRARIES = YES;
				BUNDLE_LOADER = "$(TEST_HOST)";
				CODE_SIGN_STYLE = Automatic;
				CURRENT_PROJECT_VERSION = 1;
				DEVELOPMENT_TEAM = CV64V222GG;
				GENERATE_INFOPLIST_FILE = YES;
				IPHONEOS_DEPLOYMENT_TARGET = 16.2;
				MARKETING_VERSION = 1.0;
				PRODUCT_BUNDLE_IDENTIFIER = "com.Technical-WorkshopTests";
				PRODUCT_NAME = "$(TARGET_NAME)";
				SWIFT_EMIT_LOC_STRINGS = NO;
				SWIFT_VERSION = 5.0;
				TARGETED_DEVICE_FAMILY = "1,2";
				TEST_HOST = "$(BUILT_PRODUCTS_DIR)/Technical-Workshop.app/$(BUNDLE_EXECUTABLE_FOLDER_PATH)/Technical-Workshop";
			};
			name = Release;
		};
		17FF176B2A1F68DB00E6A365 /* Debug */ = {
			isa = XCBuildConfiguration;
			baseConfigurationReference = 02F17445B1AA865313358C41 /* Pods-Technical-Workshop-Technical-WorkshopUITests.debug.xcconfig */;
			buildSettings = {
				ALWAYS_EMBED_SWIFT_STANDARD_LIBRARIES = YES;
				CODE_SIGN_STYLE = Automatic;
				CURRENT_PROJECT_VERSION = 1;
				DEVELOPMENT_TEAM = CV64V222GG;
				GENERATE_INFOPLIST_FILE = YES;
				MARKETING_VERSION = 1.0;
				PRODUCT_BUNDLE_IDENTIFIER = "com.Technical-WorkshopUITests";
				PRODUCT_NAME = "$(TARGET_NAME)";
				SWIFT_EMIT_LOC_STRINGS = NO;
				SWIFT_VERSION = 5.0;
				TARGETED_DEVICE_FAMILY = "1,2";
				TEST_TARGET_NAME = "Technical-Workshop";
			};
			name = Debug;
		};
		17FF176C2A1F68DB00E6A365 /* Release */ = {
			isa = XCBuildConfiguration;
			baseConfigurationReference = 75F982ADFCBE6C66B56010DF /* Pods-Technical-Workshop-Technical-WorkshopUITests.release.xcconfig */;
			buildSettings = {
				ALWAYS_EMBED_SWIFT_STANDARD_LIBRARIES = YES;
				CODE_SIGN_STYLE = Automatic;
				CURRENT_PROJECT_VERSION = 1;
				DEVELOPMENT_TEAM = CV64V222GG;
				GENERATE_INFOPLIST_FILE = YES;
				MARKETING_VERSION = 1.0;
				PRODUCT_BUNDLE_IDENTIFIER = "com.Technical-WorkshopUITests";
				PRODUCT_NAME = "$(TARGET_NAME)";
				SWIFT_EMIT_LOC_STRINGS = NO;
				SWIFT_VERSION = 5.0;
				TARGETED_DEVICE_FAMILY = "1,2";
				TEST_TARGET_NAME = "Technical-Workshop";
			};
			name = Release;
		};
/* End XCBuildConfiguration section */

/* Begin XCConfigurationList section */
		17FF17322A1F68D900E6A365 /* Build configuration list for PBXProject "Technical-Workshop" */ = {
			isa = XCConfigurationList;
			buildConfigurations = (
				17FF17622A1F68DB00E6A365 /* Debug */,
				17FF17632A1F68DB00E6A365 /* Release */,
			);
			defaultConfigurationIsVisible = 0;
			defaultConfigurationName = Release;
		};
		17FF17642A1F68DB00E6A365 /* Build configuration list for PBXNativeTarget "Technical-Workshop" */ = {
			isa = XCConfigurationList;
			buildConfigurations = (
				17FF17652A1F68DB00E6A365 /* Debug */,
				17FF17662A1F68DB00E6A365 /* Release */,
			);
			defaultConfigurationIsVisible = 0;
			defaultConfigurationName = Release;
		};
		17FF17672A1F68DB00E6A365 /* Build configuration list for PBXNativeTarget "Technical-WorkshopTests" */ = {
			isa = XCConfigurationList;
			buildConfigurations = (
				17FF17682A1F68DB00E6A365 /* Debug */,
				17FF17692A1F68DB00E6A365 /* Release */,
			);
			defaultConfigurationIsVisible = 0;
			defaultConfigurationName = Release;
		};
		17FF176A2A1F68DB00E6A365 /* Build configuration list for PBXNativeTarget "Technical-WorkshopUITests" */ = {
			isa = XCConfigurationList;
			buildConfigurations = (
				17FF176B2A1F68DB00E6A365 /* Debug */,
				17FF176C2A1F68DB00E6A365 /* Release */,
			);
			defaultConfigurationIsVisible = 0;
			defaultConfigurationName = Release;
		};
/* End XCConfigurationList section */

/* Begin XCVersionGroup section */
		17FF17432A1F68D900E6A365 /* Technical_Workshop.xcdatamodeld */ = {
			isa = XCVersionGroup;
			children = (
				17FF17442A1F68D900E6A365 /* Technical_Workshop.xcdatamodel */,
			);
			currentVersion = 17FF17442A1F68D900E6A365 /* Technical_Workshop.xcdatamodel */;
			path = Technical_Workshop.xcdatamodeld;
			sourceTree = "<group>";
			versionGroupType = wrapper.xcdatamodel;
		};
/* End XCVersionGroup section */
	};
	rootObject = 17FF172F2A1F68D900E6A365 /* Project object */;
}
